
Microsoft Visual Studio Solution File, Format Version 12.00
# Visual Studio Version 16
VisualStudioVersion = 16.0.32413.511
MinimumVisualStudioVersion = 10.0.40219.1
Project("{9A19103F-16F7-4668-BE54-9A1E7A4F7556}") = "HouseShop", "HouseShop.csproj", "{83E63399-3879-4280-A0A5-B50DDA5BE3CD}"
EndProject
Project("{FAE04EC0-301F-11D3-BF4B-00C04F79EFBC}") = "HouseShop.ApplicationServices", "..\HouseShop.ApplicationServices\HouseShop.ApplicationServices.csproj", "{B80805B0-5448-4A96-BECF-DB666DE429F2}"
EndProject
Project("{FAE04EC0-301F-11D3-BF4B-00C04F79EFBC}") = "HouseShop.Core", "..\HouseShop.Core\HouseShop.Core.csproj", "{31EBEE50-57F9-42F0-B36B-66FCE1C90E02}"
EndProject
Project("{FAE04EC0-301F-11D3-BF4B-00C04F79EFBC}") = "HouseShop.Data", "..\HouseShop.Data\HouseShop.Data.csproj", "{1745057E-3E3D-40A9-8FE4-6ACA189B4D53}"
EndProject
Project("{FAE04EC0-301F-11D3-BF4B-00C04F79EFBC}") = "HouseShop.HouseTest", "..\HouseShop.HouseTest\HouseShop.HouseTest.csproj", "{DA3B12B0-6DFF-4534-96F4-B396CB276B36}"
EndProject
Global
	GlobalSection(SolutionConfigurationPlatforms) = preSolution
		Debug|Any CPU = Debug|Any CPU
		Release|Any CPU = Release|Any CPU
	EndGlobalSection
	GlobalSection(ProjectConfigurationPlatforms) = postSolution
		{83E63399-3879-4280-A0A5-B50DDA5BE3CD}.Debug|Any CPU.ActiveCfg = Debug|Any CPU
		{83E63399-3879-4280-A0A5-B50DDA5BE3CD}.Debug|Any CPU.Build.0 = Debug|Any CPU
		{83E63399-3879-4280-A0A5-B50DDA5BE3CD}.Release|Any CPU.ActiveCfg = Release|Any CPU
		{83E63399-3879-4280-A0A5-B50DDA5BE3CD}.Release|Any CPU.Build.0 = Release|Any CPU
		{B80805B0-5448-4A96-BECF-DB666DE429F2}.Debug|Any CPU.ActiveCfg = Debug|Any CPU
		{B80805B0-5448-4A96-BECF-DB666DE429F2}.Debug|Any CPU.Build.0 = Debug|Any CPU
		{B80805B0-5448-4A96-BECF-DB666DE429F2}.Release|Any CPU.ActiveCfg = Release|Any CPU
		{B80805B0-5448-4A96-BECF-DB666DE429F2}.Release|Any CPU.Build.0 = Release|Any CPU
		{31EBEE50-57F9-42F0-B36B-66FCE1C90E02}.Debug|Any CPU.ActiveCfg = Debug|Any CPU
		{31EBEE50-57F9-42F0-B36B-66FCE1C90E02}.Debug|Any CPU.Build.0 = Debug|Any CPU
		{31EBEE50-57F9-42F0-B36B-66FCE1C90E02}.Release|Any CPU.ActiveCfg = Release|Any CPU
		{31EBEE50-57F9-42F0-B36B-66FCE1C90E02}.Release|Any CPU.Build.0 = Release|Any CPU
		{1745057E-3E3D-40A9-8FE4-6ACA189B4D53}.Debug|Any CPU.ActiveCfg = Debug|Any CPU
		{1745057E-3E3D-40A9-8FE4-6ACA189B4D53}.Debug|Any CPU.Build.0 = Debug|Any CPU
		{1745057E-3E3D-40A9-8FE4-6ACA189B4D53}.Release|Any CPU.ActiveCfg = Release|Any CPU
		{1745057E-3E3D-40A9-8FE4-6ACA189B4D53}.Release|Any CPU.Build.0 = Release|Any CPU
		{DA3B12B0-6DFF-4534-96F4-B396CB276B36}.Debug|Any CPU.ActiveCfg = Debug|Any CPU
		{DA3B12B0-6DFF-4534-96F4-B396CB276B36}.Debug|Any CPU.Build.0 = Debug|Any CPU
		{DA3B12B0-6DFF-4534-96F4-B396CB276B36}.Release|Any CPU.ActiveCfg = Release|Any CPU
		{DA3B12B0-6DFF-4534-96F4-B396CB276B36}.Release|Any CPU.Build.0 = Release|Any CPU
	EndGlobalSection
	GlobalSection(SolutionProperties) = preSolution
		HideSolutionNode = FALSE
	EndGlobalSection
	GlobalSection(ExtensibilityGlobals) = postSolution
		SolutionGuid = {CD7530E3-DE08-45DF-BBF0-25B9EA3AE922}
	EndGlobalSection
EndGlobal
