
Microsoft Visual Studio Solution File, Format Version 12.00
# Visual Studio Version 16
VisualStudioVersion = 16.0.32413.511
MinimumVisualStudioVersion = 10.0.40219.1
Project("{FAE04EC0-301F-11D3-BF4B-00C04F79EFBC}") = "HouseShop", "HouseShop.csproj", "{83E63399-3879-4280-A0A5-B50DDA5BE3CD}"
EndProject
Global
	GlobalSection(SolutionConfigurationPlatforms) = preSolution
		Debug|Any CPU = Debug|Any CPU
		Release|Any CPU = Release|Any CPU
	EndGlobalSection
	GlobalSection(ProjectConfigurationPlatforms) = postSolution
		{83E63399-3879-4280-A0A5-B50DDA5BE3CD}.Debug|Any CPU.ActiveCfg = Debug|Any CPU
		{83E63399-3879-4280-A0A5-B50DDA5BE3CD}.Debug|Any CPU.Build.0 = Debug|Any CPU
		{83E63399-3879-4280-A0A5-B50DDA5BE3CD}.Release|Any CPU.ActiveCfg = Release|Any CPU
		{83E63399-3879-4280-A0A5-B50DDA5BE3CD}.Release|Any CPU.Build.0 = Release|Any CPU
	EndGlobalSection
	GlobalSection(SolutionProperties) = preSolution
		HideSolutionNode = FALSE
	EndGlobalSection
	GlobalSection(ExtensibilityGlobals) = postSolution
		SolutionGuid = {CD7530E3-DE08-45DF-BBF0-25B9EA3AE922}
	EndGlobalSection
EndGlobal
